# THIS IS AN AUTOGENERATED FILE. DO NOT EDIT THIS FILE DIRECTLY.
# yarn lockfile v1


qs@^6.9.1:
  version "6.9.1"
  resolved "https://registry.yarnpkg.com/qs/-/qs-6.9.1.tgz#20082c65cb78223635ab1a9eaca8875a29bf8ec9"
  integrity sha512-Cxm7/SS/y/Z3MHWSxXb8lIFqgqBowP5JMlTUFyJN88y0SGQhVmZnqFK/PeuMX9LzUyWsqqhNxIyg0jlzq946yA==
